
Microsoft Visual Studio Solution File, Format Version 12.00
# Visual Studio 15
VisualStudioVersion = 15.0.28307.779
MinimumVisualStudioVersion = 10.0.40219.1
Project("{FAE04EC0-301F-11D3-BF4B-00C04F79EFBC}") = "rockPaperScissor", "rockPaperScissor\rockPaperScissor.csproj", "{38D74792-222A-4280-8A43-FDFDBE74487A}"
EndProject
Project("{FAE04EC0-301F-11D3-BF4B-00C04F79EFBC}") = "rockPaperScissorTests", "rockPaperScissorTests\rockPaperScissorTests.csproj", "{B1E2FC26-5A2C-463C-8E46-A688F7143337}"
EndProject
Global
	GlobalSection(SolutionConfigurationPlatforms) = preSolution
		Debug|Any CPU = Debug|Any CPU
		Release|Any CPU = Release|Any CPU
	EndGlobalSection
	GlobalSection(ProjectConfigurationPlatforms) = postSolution
		{38D74792-222A-4280-8A43-FDFDBE74487A}.Debug|Any CPU.ActiveCfg = Debug|Any CPU
		{38D74792-222A-4280-8A43-FDFDBE74487A}.Debug|Any CPU.Build.0 = Debug|Any CPU
		{38D74792-222A-4280-8A43-FDFDBE74487A}.Release|Any CPU.ActiveCfg = Release|Any CPU
		{38D74792-222A-4280-8A43-FDFDBE74487A}.Release|Any CPU.Build.0 = Release|Any CPU
		{B1E2FC26-5A2C-463C-8E46-A688F7143337}.Debug|Any CPU.ActiveCfg = Debug|Any CPU
		{B1E2FC26-5A2C-463C-8E46-A688F7143337}.Debug|Any CPU.Build.0 = Debug|Any CPU
		{B1E2FC26-5A2C-463C-8E46-A688F7143337}.Release|Any CPU.ActiveCfg = Release|Any CPU
		{B1E2FC26-5A2C-463C-8E46-A688F7143337}.Release|Any CPU.Build.0 = Release|Any CPU
	EndGlobalSection
	GlobalSection(SolutionProperties) = preSolution
		HideSolutionNode = FALSE
	EndGlobalSection
	GlobalSection(ExtensibilityGlobals) = postSolution
		SolutionGuid = {A44BA5C7-8345-44CC-BEDA-1246C47F3754}
	EndGlobalSection
EndGlobal
